
Microsoft Visual Studio Solution File, Format Version 12.00
# Visual Studio Version 17
VisualStudioVersion = 17.5.33414.496
MinimumVisualStudioVersion = 10.0.40219.1
Project("{FAE04EC0-301F-11D3-BF4B-00C04F79EFBC}") = "Dizi işlemleri", "Dizi işlemleri\Dizi işlemleri.csproj", "{AD98FC26-9A69-44D9-8405-21D06F5729B6}"
EndProject
Global
	GlobalSection(SolutionConfigurationPlatforms) = preSolution
		Debug|Any CPU = Debug|Any CPU
		Release|Any CPU = Release|Any CPU
	EndGlobalSection
	GlobalSection(ProjectConfigurationPlatforms) = postSolution
		{AD98FC26-9A69-44D9-8405-21D06F5729B6}.Debug|Any CPU.ActiveCfg = Debug|Any CPU
		{AD98FC26-9A69-44D9-8405-21D06F5729B6}.Debug|Any CPU.Build.0 = Debug|Any CPU
		{AD98FC26-9A69-44D9-8405-21D06F5729B6}.Release|Any CPU.ActiveCfg = Release|Any CPU
		{AD98FC26-9A69-44D9-8405-21D06F5729B6}.Release|Any CPU.Build.0 = Release|Any CPU
	EndGlobalSection
	GlobalSection(SolutionProperties) = preSolution
		HideSolutionNode = FALSE
	EndGlobalSection
	GlobalSection(ExtensibilityGlobals) = postSolution
		SolutionGuid = {15E96485-3477-47CE-AE96-EDB638930680}
	EndGlobalSection
EndGlobal
