
Microsoft Visual Studio Solution File, Format Version 12.00
# Visual Studio Version 17
VisualStudioVersion = 17.5.33414.496
MinimumVisualStudioVersion = 10.0.40219.1
Project("{FAE04EC0-301F-11D3-BF4B-00C04F79EFBC}") = "BubleSort", "BubleSort\BubleSort.csproj", "{95E2E200-ACE7-40A4-AE5E-50445AE2CDEE}"
EndProject
Global
	GlobalSection(SolutionConfigurationPlatforms) = preSolution
		Debug|Any CPU = Debug|Any CPU
		Release|Any CPU = Release|Any CPU
	EndGlobalSection
	GlobalSection(ProjectConfigurationPlatforms) = postSolution
		{95E2E200-ACE7-40A4-AE5E-50445AE2CDEE}.Debug|Any CPU.ActiveCfg = Debug|Any CPU
		{95E2E200-ACE7-40A4-AE5E-50445AE2CDEE}.Debug|Any CPU.Build.0 = Debug|Any CPU
		{95E2E200-ACE7-40A4-AE5E-50445AE2CDEE}.Release|Any CPU.ActiveCfg = Release|Any CPU
		{95E2E200-ACE7-40A4-AE5E-50445AE2CDEE}.Release|Any CPU.Build.0 = Release|Any CPU
	EndGlobalSection
	GlobalSection(SolutionProperties) = preSolution
		HideSolutionNode = FALSE
	EndGlobalSection
	GlobalSection(ExtensibilityGlobals) = postSolution
		SolutionGuid = {8481351F-3028-4CA8-8058-8CF82AE53CD5}
	EndGlobalSection
EndGlobal
